
Microsoft Visual Studio Solution File, Format Version 11.00
# Visual Studio 2010
Project("{FAE04EC0-301F-11D3-BF4B-00C04F79EFBC}") = "Grasp", "Grasp\Grasp.csproj", "{0A728107-2D52-4E6B-B651-793048876837}"
EndProject
Project("{FAE04EC0-301F-11D3-BF4B-00C04F79EFBC}") = "Grasp.Examples", "Grasp.Examples\Grasp.Examples.csproj", "{177B3825-0297-44E1-AFA9-FFC86DF13194}"
EndProject
Project("{2150E333-8FDC-42A3-9474-1A3956D46DE8}") = ".build", ".build", "{7D2F41A4-36F3-4D7D-A4EC-B257975A28C7}"
	ProjectSection(SolutionItems) = preProject
		DashAssemblyInfo.cs = DashAssemblyInfo.cs
		GraspAssemblyInfo.cs = GraspAssemblyInfo.cs
	EndProjectSection
EndProject
Project("{2150E333-8FDC-42A3-9474-1A3956D46DE8}") = "Examples", "Examples", "{48C09AFF-60C1-47CA-B581-FEAE025ED3C0}"
EndProject
Project("{FAE04EC0-301F-11D3-BF4B-00C04F79EFBC}") = "Grasp.Hypermedia", "Grasp.Hypermedia\Grasp.Hypermedia.csproj", "{75771C68-B495-400C-B11F-B1221E2AF231}"
EndProject
Project("{FAE04EC0-301F-11D3-BF4B-00C04F79EFBC}") = "Dash.Windows.UI", "Dash.Windows.UI\Dash.Windows.UI.csproj", "{7DE4156E-05D9-4EB8-8F2F-CC5F500E572B}"
EndProject
Project("{FAE04EC0-301F-11D3-BF4B-00C04F79EFBC}") = "Dash.Windows.Composition", "Dash.Windows.Composition\Dash.Windows.Composition.csproj", "{FE657A80-99F3-49A5-B71F-E3EA341E5720}"
EndProject
Project("{FAE04EC0-301F-11D3-BF4B-00C04F79EFBC}") = "Dash.Windows.Presentation", "Dash.Windows.Presentation\Dash.Windows.Presentation.csproj", "{4EC9F6E9-8AD0-44F9-B9D8-7EF96F6DBCA3}"
EndProject
Project("{2150E333-8FDC-42A3-9474-1A3956D46DE8}") = "Dash", "Dash", "{2851039E-DF40-432E-8C9F-B910BB6811AE}"
EndProject
Project("{FAE04EC0-301F-11D3-BF4B-00C04F79EFBC}") = "Dash", "Dash\Dash.csproj", "{1A782573-0CDB-4972-939F-5A874874E727}"
EndProject
Project("{FAE04EC0-301F-11D3-BF4B-00C04F79EFBC}") = "Grasp.Raven", "Grasp.Raven\Grasp.Raven.csproj", "{C2B15833-E9E0-421E-A0CD-8A2C677BAF48}"
EndProject
Project("{FAE04EC0-301F-11D3-BF4B-00C04F79EFBC}") = "Grasp.Hypermedia.Examples", "Grasp.Hypermedia.Examples\Grasp.Hypermedia.Examples.csproj", "{17783381-3FB0-42E0-9397-6CDDE1C46279}"
EndProject
Project("{FAE04EC0-301F-11D3-BF4B-00C04F79EFBC}") = "Grasp.Hypermedia.Composition", "Grasp.Hypermedia.Composition\Grasp.Hypermedia.Composition.csproj", "{91B9CE0E-7689-4310-A8EC-4481441212A1}"
EndProject
Project("{FAE04EC0-301F-11D3-BF4B-00C04F79EFBC}") = "Dash.Windows", "Dash.Windows\Dash.Windows.csproj", "{04E8B6AC-F539-4B5F-AF52-F591E57AEEFC}"
EndProject
Project("{FAE04EC0-301F-11D3-BF4B-00C04F79EFBC}") = "Dash.Web", "Dash.Web\Dash.Web.csproj", "{D7BDD169-F4AF-42FE-A2E9-052F801040BE}"
EndProject
Project("{2150E333-8FDC-42A3-9474-1A3956D46DE8}") = "Windows", "Windows", "{CBBBE305-5C23-4679-A0E4-2D0219B069D6}"
EndProject
Project("{2150E333-8FDC-42A3-9474-1A3956D46DE8}") = "Web", "Web", "{C790E8D9-4049-4AB9-ACD7-E35AF67A2BFC}"
EndProject
Project("{FAE04EC0-301F-11D3-BF4B-00C04F79EFBC}") = "Dash.Web.Server", "Dash.Web.Server\Dash.Web.Server.csproj", "{1E5ADE40-E5A5-4153-9479-8742EED21D10}"
EndProject
Project("{FAE04EC0-301F-11D3-BF4B-00C04F79EFBC}") = "Dash.Autofac", "Dash.Autofac\Dash.Autofac.csproj", "{21538DC6-DE7F-40C9-B5B4-E33D8F8D1D3F}"
EndProject
Project("{FAE04EC0-301F-11D3-BF4B-00C04F79EFBC}") = "Dash.Web.Composition", "Dash.Web.Composition\Dash.Web.Composition.csproj", "{CD85612D-362E-4900-A687-DD7F4101EC60}"
EndProject
Project("{2150E333-8FDC-42A3-9474-1A3956D46DE8}") = "Api", "Api", "{281217A9-EE79-4188-81AC-2A8EE447B247}"
EndProject
Global
	GlobalSection(SolutionConfigurationPlatforms) = preSolution
		Debug|Any CPU = Debug|Any CPU
		Debug|Mixed Platforms = Debug|Mixed Platforms
		Debug|x86 = Debug|x86
		Release|Any CPU = Release|Any CPU
		Release|Mixed Platforms = Release|Mixed Platforms
		Release|x86 = Release|x86
	EndGlobalSection
	GlobalSection(ProjectConfigurationPlatforms) = postSolution
		{0A728107-2D52-4E6B-B651-793048876837}.Debug|Any CPU.ActiveCfg = Debug|Any CPU
		{0A728107-2D52-4E6B-B651-793048876837}.Debug|Any CPU.Build.0 = Debug|Any CPU
		{0A728107-2D52-4E6B-B651-793048876837}.Debug|Mixed Platforms.ActiveCfg = Debug|Any CPU
		{0A728107-2D52-4E6B-B651-793048876837}.Debug|Mixed Platforms.Build.0 = Debug|Any CPU
		{0A728107-2D52-4E6B-B651-793048876837}.Debug|x86.ActiveCfg = Debug|Any CPU
		{0A728107-2D52-4E6B-B651-793048876837}.Release|Any CPU.ActiveCfg = Release|Any CPU
		{0A728107-2D52-4E6B-B651-793048876837}.Release|Any CPU.Build.0 = Release|Any CPU
		{0A728107-2D52-4E6B-B651-793048876837}.Release|Mixed Platforms.ActiveCfg = Release|Any CPU
		{0A728107-2D52-4E6B-B651-793048876837}.Release|Mixed Platforms.Build.0 = Release|Any CPU
		{0A728107-2D52-4E6B-B651-793048876837}.Release|x86.ActiveCfg = Release|Any CPU
		{177B3825-0297-44E1-AFA9-FFC86DF13194}.Debug|Any CPU.ActiveCfg = Debug|Any CPU
		{177B3825-0297-44E1-AFA9-FFC86DF13194}.Debug|Any CPU.Build.0 = Debug|Any CPU
		{177B3825-0297-44E1-AFA9-FFC86DF13194}.Debug|Mixed Platforms.ActiveCfg = Debug|Any CPU
		{177B3825-0297-44E1-AFA9-FFC86DF13194}.Debug|Mixed Platforms.Build.0 = Debug|Any CPU
		{177B3825-0297-44E1-AFA9-FFC86DF13194}.Debug|x86.ActiveCfg = Debug|Any CPU
		{177B3825-0297-44E1-AFA9-FFC86DF13194}.Release|Any CPU.ActiveCfg = Release|Any CPU
		{177B3825-0297-44E1-AFA9-FFC86DF13194}.Release|Any CPU.Build.0 = Release|Any CPU
		{177B3825-0297-44E1-AFA9-FFC86DF13194}.Release|Mixed Platforms.ActiveCfg = Release|Any CPU
		{177B3825-0297-44E1-AFA9-FFC86DF13194}.Release|Mixed Platforms.Build.0 = Release|Any CPU
		{177B3825-0297-44E1-AFA9-FFC86DF13194}.Release|x86.ActiveCfg = Release|Any CPU
		{75771C68-B495-400C-B11F-B1221E2AF231}.Debug|Any CPU.ActiveCfg = Debug|Any CPU
		{75771C68-B495-400C-B11F-B1221E2AF231}.Debug|Any CPU.Build.0 = Debug|Any CPU
		{75771C68-B495-400C-B11F-B1221E2AF231}.Debug|Mixed Platforms.ActiveCfg = Debug|Any CPU
		{75771C68-B495-400C-B11F-B1221E2AF231}.Debug|Mixed Platforms.Build.0 = Debug|Any CPU
		{75771C68-B495-400C-B11F-B1221E2AF231}.Debug|x86.ActiveCfg = Debug|Any CPU
		{75771C68-B495-400C-B11F-B1221E2AF231}.Release|Any CPU.ActiveCfg = Release|Any CPU
		{75771C68-B495-400C-B11F-B1221E2AF231}.Release|Any CPU.Build.0 = Release|Any CPU
		{75771C68-B495-400C-B11F-B1221E2AF231}.Release|Mixed Platforms.ActiveCfg = Release|Any CPU
		{75771C68-B495-400C-B11F-B1221E2AF231}.Release|Mixed Platforms.Build.0 = Release|Any CPU
		{75771C68-B495-400C-B11F-B1221E2AF231}.Release|x86.ActiveCfg = Release|Any CPU
		{7DE4156E-05D9-4EB8-8F2F-CC5F500E572B}.Debug|Any CPU.ActiveCfg = Debug|x86
		{7DE4156E-05D9-4EB8-8F2F-CC5F500E572B}.Debug|Mixed Platforms.ActiveCfg = Debug|x86
		{7DE4156E-05D9-4EB8-8F2F-CC5F500E572B}.Debug|Mixed Platforms.Build.0 = Debug|x86
		{7DE4156E-05D9-4EB8-8F2F-CC5F500E572B}.Debug|x86.ActiveCfg = Debug|x86
		{7DE4156E-05D9-4EB8-8F2F-CC5F500E572B}.Debug|x86.Build.0 = Debug|x86
		{7DE4156E-05D9-4EB8-8F2F-CC5F500E572B}.Release|Any CPU.ActiveCfg = Release|x86
		{7DE4156E-05D9-4EB8-8F2F-CC5F500E572B}.Release|Mixed Platforms.ActiveCfg = Release|x86
		{7DE4156E-05D9-4EB8-8F2F-CC5F500E572B}.Release|Mixed Platforms.Build.0 = Release|x86
		{7DE4156E-05D9-4EB8-8F2F-CC5F500E572B}.Release|x86.ActiveCfg = Release|x86
		{7DE4156E-05D9-4EB8-8F2F-CC5F500E572B}.Release|x86.Build.0 = Release|x86
		{FE657A80-99F3-49A5-B71F-E3EA341E5720}.Debug|Any CPU.ActiveCfg = Debug|Any CPU
		{FE657A80-99F3-49A5-B71F-E3EA341E5720}.Debug|Any CPU.Build.0 = Debug|Any CPU
		{FE657A80-99F3-49A5-B71F-E3EA341E5720}.Debug|Mixed Platforms.ActiveCfg = Debug|Any CPU
		{FE657A80-99F3-49A5-B71F-E3EA341E5720}.Debug|Mixed Platforms.Build.0 = Debug|Any CPU
		{FE657A80-99F3-49A5-B71F-E3EA341E5720}.Debug|x86.ActiveCfg = Debug|Any CPU
		{FE657A80-99F3-49A5-B71F-E3EA341E5720}.Release|Any CPU.ActiveCfg = Release|Any CPU
		{FE657A80-99F3-49A5-B71F-E3EA341E5720}.Release|Any CPU.Build.0 = Release|Any CPU
		{FE657A80-99F3-49A5-B71F-E3EA341E5720}.Release|Mixed Platforms.ActiveCfg = Release|Any CPU
		{FE657A80-99F3-49A5-B71F-E3EA341E5720}.Release|Mixed Platforms.Build.0 = Release|Any CPU
		{FE657A80-99F3-49A5-B71F-E3EA341E5720}.Release|x86.ActiveCfg = Release|Any CPU
		{4EC9F6E9-8AD0-44F9-B9D8-7EF96F6DBCA3}.Debug|Any CPU.ActiveCfg = Debug|Any CPU
		{4EC9F6E9-8AD0-44F9-B9D8-7EF96F6DBCA3}.Debug|Any CPU.Build.0 = Debug|Any CPU
		{4EC9F6E9-8AD0-44F9-B9D8-7EF96F6DBCA3}.Debug|Mixed Platforms.ActiveCfg = Debug|Any CPU
		{4EC9F6E9-8AD0-44F9-B9D8-7EF96F6DBCA3}.Debug|Mixed Platforms.Build.0 = Debug|Any CPU
		{4EC9F6E9-8AD0-44F9-B9D8-7EF96F6DBCA3}.Debug|x86.ActiveCfg = Debug|Any CPU
		{4EC9F6E9-8AD0-44F9-B9D8-7EF96F6DBCA3}.Release|Any CPU.ActiveCfg = Release|Any CPU
		{4EC9F6E9-8AD0-44F9-B9D8-7EF96F6DBCA3}.Release|Any CPU.Build.0 = Release|Any CPU
		{4EC9F6E9-8AD0-44F9-B9D8-7EF96F6DBCA3}.Release|Mixed Platforms.ActiveCfg = Release|Any CPU
		{4EC9F6E9-8AD0-44F9-B9D8-7EF96F6DBCA3}.Release|Mixed Platforms.Build.0 = Release|Any CPU
		{4EC9F6E9-8AD0-44F9-B9D8-7EF96F6DBCA3}.Release|x86.ActiveCfg = Release|Any CPU
		{1A782573-0CDB-4972-939F-5A874874E727}.Debug|Any CPU.ActiveCfg = Debug|Any CPU
		{1A782573-0CDB-4972-939F-5A874874E727}.Debug|Any CPU.Build.0 = Debug|Any CPU
		{1A782573-0CDB-4972-939F-5A874874E727}.Debug|Mixed Platforms.ActiveCfg = Debug|Any CPU
		{1A782573-0CDB-4972-939F-5A874874E727}.Debug|Mixed Platforms.Build.0 = Debug|Any CPU
		{1A782573-0CDB-4972-939F-5A874874E727}.Debug|x86.ActiveCfg = Debug|Any CPU
		{1A782573-0CDB-4972-939F-5A874874E727}.Release|Any CPU.ActiveCfg = Release|Any CPU
		{1A782573-0CDB-4972-939F-5A874874E727}.Release|Any CPU.Build.0 = Release|Any CPU
		{1A782573-0CDB-4972-939F-5A874874E727}.Release|Mixed Platforms.ActiveCfg = Release|Any CPU
		{1A782573-0CDB-4972-939F-5A874874E727}.Release|Mixed Platforms.Build.0 = Release|Any CPU
		{1A782573-0CDB-4972-939F-5A874874E727}.Release|x86.ActiveCfg = Release|Any CPU
		{C2B15833-E9E0-421E-A0CD-8A2C677BAF48}.Debug|Any CPU.ActiveCfg = Debug|Any CPU
		{C2B15833-E9E0-421E-A0CD-8A2C677BAF48}.Debug|Any CPU.Build.0 = Debug|Any CPU
		{C2B15833-E9E0-421E-A0CD-8A2C677BAF48}.Debug|Mixed Platforms.ActiveCfg = Debug|Any CPU
		{C2B15833-E9E0-421E-A0CD-8A2C677BAF48}.Debug|Mixed Platforms.Build.0 = Debug|Any CPU
		{C2B15833-E9E0-421E-A0CD-8A2C677BAF48}.Debug|x86.ActiveCfg = Debug|Any CPU
		{C2B15833-E9E0-421E-A0CD-8A2C677BAF48}.Release|Any CPU.ActiveCfg = Release|Any CPU
		{C2B15833-E9E0-421E-A0CD-8A2C677BAF48}.Release|Any CPU.Build.0 = Release|Any CPU
		{C2B15833-E9E0-421E-A0CD-8A2C677BAF48}.Release|Mixed Platforms.ActiveCfg = Release|Any CPU
		{C2B15833-E9E0-421E-A0CD-8A2C677BAF48}.Release|Mixed Platforms.Build.0 = Release|Any CPU
		{C2B15833-E9E0-421E-A0CD-8A2C677BAF48}.Release|x86.ActiveCfg = Release|Any CPU
		{17783381-3FB0-42E0-9397-6CDDE1C46279}.Debug|Any CPU.ActiveCfg = Debug|Any CPU
		{17783381-3FB0-42E0-9397-6CDDE1C46279}.Debug|Any CPU.Build.0 = Debug|Any CPU
		{17783381-3FB0-42E0-9397-6CDDE1C46279}.Debug|Mixed Platforms.ActiveCfg = Debug|Any CPU
		{17783381-3FB0-42E0-9397-6CDDE1C46279}.Debug|Mixed Platforms.Build.0 = Debug|Any CPU
		{17783381-3FB0-42E0-9397-6CDDE1C46279}.Debug|x86.ActiveCfg = Debug|Any CPU
		{17783381-3FB0-42E0-9397-6CDDE1C46279}.Release|Any CPU.ActiveCfg = Release|Any CPU
		{17783381-3FB0-42E0-9397-6CDDE1C46279}.Release|Any CPU.Build.0 = Release|Any CPU
		{17783381-3FB0-42E0-9397-6CDDE1C46279}.Release|Mixed Platforms.ActiveCfg = Release|Any CPU
		{17783381-3FB0-42E0-9397-6CDDE1C46279}.Release|Mixed Platforms.Build.0 = Release|Any CPU
		{17783381-3FB0-42E0-9397-6CDDE1C46279}.Release|x86.ActiveCfg = Release|Any CPU
		{91B9CE0E-7689-4310-A8EC-4481441212A1}.Debug|Any CPU.ActiveCfg = Debug|Any CPU
		{91B9CE0E-7689-4310-A8EC-4481441212A1}.Debug|Any CPU.Build.0 = Debug|Any CPU
		{91B9CE0E-7689-4310-A8EC-4481441212A1}.Debug|Mixed Platforms.ActiveCfg = Debug|Any CPU
		{91B9CE0E-7689-4310-A8EC-4481441212A1}.Debug|Mixed Platforms.Build.0 = Debug|Any CPU
		{91B9CE0E-7689-4310-A8EC-4481441212A1}.Debug|x86.ActiveCfg = Debug|Any CPU
		{91B9CE0E-7689-4310-A8EC-4481441212A1}.Release|Any CPU.ActiveCfg = Release|Any CPU
		{91B9CE0E-7689-4310-A8EC-4481441212A1}.Release|Any CPU.Build.0 = Release|Any CPU
		{91B9CE0E-7689-4310-A8EC-4481441212A1}.Release|Mixed Platforms.ActiveCfg = Release|Any CPU
		{91B9CE0E-7689-4310-A8EC-4481441212A1}.Release|Mixed Platforms.Build.0 = Release|Any CPU
		{91B9CE0E-7689-4310-A8EC-4481441212A1}.Release|x86.ActiveCfg = Release|Any CPU
		{04E8B6AC-F539-4B5F-AF52-F591E57AEEFC}.Debug|Any CPU.ActiveCfg = Debug|Any CPU
		{04E8B6AC-F539-4B5F-AF52-F591E57AEEFC}.Debug|Any CPU.Build.0 = Debug|Any CPU
		{04E8B6AC-F539-4B5F-AF52-F591E57AEEFC}.Debug|Mixed Platforms.ActiveCfg = Debug|Any CPU
		{04E8B6AC-F539-4B5F-AF52-F591E57AEEFC}.Debug|Mixed Platforms.Build.0 = Debug|Any CPU
		{04E8B6AC-F539-4B5F-AF52-F591E57AEEFC}.Debug|x86.ActiveCfg = Debug|Any CPU
		{04E8B6AC-F539-4B5F-AF52-F591E57AEEFC}.Release|Any CPU.ActiveCfg = Release|Any CPU
		{04E8B6AC-F539-4B5F-AF52-F591E57AEEFC}.Release|Any CPU.Build.0 = Release|Any CPU
		{04E8B6AC-F539-4B5F-AF52-F591E57AEEFC}.Release|Mixed Platforms.ActiveCfg = Release|Any CPU
		{04E8B6AC-F539-4B5F-AF52-F591E57AEEFC}.Release|Mixed Platforms.Build.0 = Release|Any CPU
		{04E8B6AC-F539-4B5F-AF52-F591E57AEEFC}.Release|x86.ActiveCfg = Release|Any CPU
		{D7BDD169-F4AF-42FE-A2E9-052F801040BE}.Debug|Any CPU.ActiveCfg = Debug|Any CPU
		{D7BDD169-F4AF-42FE-A2E9-052F801040BE}.Debug|Any CPU.Build.0 = Debug|Any CPU
		{D7BDD169-F4AF-42FE-A2E9-052F801040BE}.Debug|Mixed Platforms.ActiveCfg = Debug|Any CPU
		{D7BDD169-F4AF-42FE-A2E9-052F801040BE}.Debug|Mixed Platforms.Build.0 = Debug|Any CPU
		{D7BDD169-F4AF-42FE-A2E9-052F801040BE}.Debug|x86.ActiveCfg = Debug|Any CPU
		{D7BDD169-F4AF-42FE-A2E9-052F801040BE}.Release|Any CPU.ActiveCfg = Release|Any CPU
		{D7BDD169-F4AF-42FE-A2E9-052F801040BE}.Release|Any CPU.Build.0 = Release|Any CPU
		{D7BDD169-F4AF-42FE-A2E9-052F801040BE}.Release|Mixed Platforms.ActiveCfg = Release|Any CPU
		{D7BDD169-F4AF-42FE-A2E9-052F801040BE}.Release|Mixed Platforms.Build.0 = Release|Any CPU
		{D7BDD169-F4AF-42FE-A2E9-052F801040BE}.Release|x86.ActiveCfg = Release|Any CPU
		{1E5ADE40-E5A5-4153-9479-8742EED21D10}.Debug|Any CPU.ActiveCfg = Debug|Any CPU
		{1E5ADE40-E5A5-4153-9479-8742EED21D10}.Debug|Any CPU.Build.0 = Debug|Any CPU
		{1E5ADE40-E5A5-4153-9479-8742EED21D10}.Debug|Mixed Platforms.ActiveCfg = Debug|Any CPU
		{1E5ADE40-E5A5-4153-9479-8742EED21D10}.Debug|Mixed Platforms.Build.0 = Debug|Any CPU
		{1E5ADE40-E5A5-4153-9479-8742EED21D10}.Debug|x86.ActiveCfg = Debug|Any CPU
		{1E5ADE40-E5A5-4153-9479-8742EED21D10}.Release|Any CPU.ActiveCfg = Release|Any CPU
		{1E5ADE40-E5A5-4153-9479-8742EED21D10}.Release|Any CPU.Build.0 = Release|Any CPU
		{1E5ADE40-E5A5-4153-9479-8742EED21D10}.Release|Mixed Platforms.ActiveCfg = Release|Any CPU
		{1E5ADE40-E5A5-4153-9479-8742EED21D10}.Release|Mixed Platforms.Build.0 = Release|Any CPU
		{1E5ADE40-E5A5-4153-9479-8742EED21D10}.Release|x86.ActiveCfg = Release|Any CPU
		{21538DC6-DE7F-40C9-B5B4-E33D8F8D1D3F}.Debug|Any CPU.ActiveCfg = Debug|Any CPU
		{21538DC6-DE7F-40C9-B5B4-E33D8F8D1D3F}.Debug|Any CPU.Build.0 = Debug|Any CPU
		{21538DC6-DE7F-40C9-B5B4-E33D8F8D1D3F}.Debug|Mixed Platforms.ActiveCfg = Debug|Any CPU
		{21538DC6-DE7F-40C9-B5B4-E33D8F8D1D3F}.Debug|Mixed Platforms.Build.0 = Debug|Any CPU
		{21538DC6-DE7F-40C9-B5B4-E33D8F8D1D3F}.Debug|x86.ActiveCfg = Debug|Any CPU
		{21538DC6-DE7F-40C9-B5B4-E33D8F8D1D3F}.Release|Any CPU.ActiveCfg = Release|Any CPU
		{21538DC6-DE7F-40C9-B5B4-E33D8F8D1D3F}.Release|Any CPU.Build.0 = Release|Any CPU
		{21538DC6-DE7F-40C9-B5B4-E33D8F8D1D3F}.Release|Mixed Platforms.ActiveCfg = Release|Any CPU
		{21538DC6-DE7F-40C9-B5B4-E33D8F8D1D3F}.Release|Mixed Platforms.Build.0 = Release|Any CPU
		{21538DC6-DE7F-40C9-B5B4-E33D8F8D1D3F}.Release|x86.ActiveCfg = Release|Any CPU
		{CD85612D-362E-4900-A687-DD7F4101EC60}.Debug|Any CPU.ActiveCfg = Debug|Any CPU
		{CD85612D-362E-4900-A687-DD7F4101EC60}.Debug|Any CPU.Build.0 = Debug|Any CPU
		{CD85612D-362E-4900-A687-DD7F4101EC60}.Debug|Mixed Platforms.ActiveCfg = Debug|Any CPU
		{CD85612D-362E-4900-A687-DD7F4101EC60}.Debug|Mixed Platforms.Build.0 = Debug|Any CPU
		{CD85612D-362E-4900-A687-DD7F4101EC60}.Debug|x86.ActiveCfg = Debug|Any CPU
		{CD85612D-362E-4900-A687-DD7F4101EC60}.Release|Any CPU.ActiveCfg = Release|Any CPU
		{CD85612D-362E-4900-A687-DD7F4101EC60}.Release|Any CPU.Build.0 = Release|Any CPU
		{CD85612D-362E-4900-A687-DD7F4101EC60}.Release|Mixed Platforms.ActiveCfg = Release|Any CPU
		{CD85612D-362E-4900-A687-DD7F4101EC60}.Release|Mixed Platforms.Build.0 = Release|Any CPU
		{CD85612D-362E-4900-A687-DD7F4101EC60}.Release|x86.ActiveCfg = Release|Any CPU
	EndGlobalSection
	GlobalSection(SolutionProperties) = preSolution
		HideSolutionNode = FALSE
	EndGlobalSection
	GlobalSection(NestedProjects) = preSolution
		{177B3825-0297-44E1-AFA9-FFC86DF13194} = {48C09AFF-60C1-47CA-B581-FEAE025ED3C0}
		{17783381-3FB0-42E0-9397-6CDDE1C46279} = {48C09AFF-60C1-47CA-B581-FEAE025ED3C0}
		{CBBBE305-5C23-4679-A0E4-2D0219B069D6} = {2851039E-DF40-432E-8C9F-B910BB6811AE}
		{1A782573-0CDB-4972-939F-5A874874E727} = {2851039E-DF40-432E-8C9F-B910BB6811AE}
		{C790E8D9-4049-4AB9-ACD7-E35AF67A2BFC} = {2851039E-DF40-432E-8C9F-B910BB6811AE}
		{21538DC6-DE7F-40C9-B5B4-E33D8F8D1D3F} = {2851039E-DF40-432E-8C9F-B910BB6811AE}
		{281217A9-EE79-4188-81AC-2A8EE447B247} = {2851039E-DF40-432E-8C9F-B910BB6811AE}
		{4EC9F6E9-8AD0-44F9-B9D8-7EF96F6DBCA3} = {CBBBE305-5C23-4679-A0E4-2D0219B069D6}
		{7DE4156E-05D9-4EB8-8F2F-CC5F500E572B} = {CBBBE305-5C23-4679-A0E4-2D0219B069D6}
		{04E8B6AC-F539-4B5F-AF52-F591E57AEEFC} = {CBBBE305-5C23-4679-A0E4-2D0219B069D6}
		{FE657A80-99F3-49A5-B71F-E3EA341E5720} = {CBBBE305-5C23-4679-A0E4-2D0219B069D6}
		{D7BDD169-F4AF-42FE-A2E9-052F801040BE} = {C790E8D9-4049-4AB9-ACD7-E35AF67A2BFC}
		{1E5ADE40-E5A5-4153-9479-8742EED21D10} = {C790E8D9-4049-4AB9-ACD7-E35AF67A2BFC}
		{CD85612D-362E-4900-A687-DD7F4101EC60} = {C790E8D9-4049-4AB9-ACD7-E35AF67A2BFC}
	EndGlobalSection
EndGlobal
