
Microsoft Visual Studio Solution File, Format Version 12.00
# Visual Studio 2012
Project("{FAE04EC0-301F-11D3-BF4B-00C04F79EFBC}") = "Grasp", "Grasp\Grasp.csproj", "{0A728107-2D52-4E6B-B651-793048876837}"
EndProject
Project("{FAE04EC0-301F-11D3-BF4B-00C04F79EFBC}") = "Grasp.Examples", "Grasp.Examples\Grasp.Examples.csproj", "{177B3825-0297-44E1-AFA9-FFC86DF13194}"
EndProject
Project("{2150E333-8FDC-42A3-9474-1A3956D46DE8}") = ".build", ".build", "{7D2F41A4-36F3-4D7D-A4EC-B257975A28C7}"
	ProjectSection(SolutionItems) = preProject
		GraspAssemblyInfo.cs = GraspAssemblyInfo.cs
		SlateAssemblyInfo.cs = SlateAssemblyInfo.cs
	EndProjectSection
EndProject
Project("{2150E333-8FDC-42A3-9474-1A3956D46DE8}") = "Examples", "Examples", "{48C09AFF-60C1-47CA-B581-FEAE025ED3C0}"
EndProject
Project("{FAE04EC0-301F-11D3-BF4B-00C04F79EFBC}") = "Grasp.Hypermedia", "Grasp.Hypermedia\Grasp.Hypermedia.csproj", "{75771C68-B495-400C-B11F-B1221E2AF231}"
EndProject
Project("{FAE04EC0-301F-11D3-BF4B-00C04F79EFBC}") = "Grasp.Hypermedia.Examples", "Grasp.Hypermedia.Examples\Grasp.Hypermedia.Examples.csproj", "{17783381-3FB0-42E0-9397-6CDDE1C46279}"
EndProject
Project("{FAE04EC0-301F-11D3-BF4B-00C04F79EFBC}") = "Cloak", "..\.submodules\Cloak\Source\Cloak\Cloak.csproj", "{A931092C-2916-4D20-A26D-D131D98E3069}"
EndProject
Project("{FAE04EC0-301F-11D3-BF4B-00C04F79EFBC}") = "Cloak.Http", "..\.submodules\Cloak\Source\Cloak.Http\Cloak.Http.csproj", "{43F24F70-06F1-4834-B241-A8CEEC01D87D}"
EndProject
Project("{FAE04EC0-301F-11D3-BF4B-00C04F79EFBC}") = "Cloak.Autofac", "..\.submodules\Cloak\Source\Cloak.Autofac\Cloak.Autofac.csproj", "{96B357D1-842F-48E6-9139-BB47495BD97F}"
EndProject
Project("{2150E333-8FDC-42A3-9474-1A3956D46DE8}") = ".submodules-Cloak", ".submodules-Cloak", "{AF62545E-9311-4A1C-B2CB-A03C9973387D}"
EndProject
Project("{2150E333-8FDC-42A3-9474-1A3956D46DE8}") = "Examples", "Examples", "{E4A9A35F-76DD-49B0-A283-1165B988114B}"
EndProject
Project("{FAE04EC0-301F-11D3-BF4B-00C04F79EFBC}") = "Cloak.Http.Examples", "..\.submodules\Cloak\Source\Cloak.Http.Examples\Cloak.Http.Examples.csproj", "{D683C34B-0619-4B90-BF4C-4FB702CABCEE}"
EndProject
Project("{FAE04EC0-301F-11D3-BF4B-00C04F79EFBC}") = "Slate.Web.Site", "Slate.Web.Site\Slate.Web.Site.csproj", "{9D31050E-76C9-4EFF-98F8-3826BC054785}"
EndProject
Project("{FAE04EC0-301F-11D3-BF4B-00C04F79EFBC}") = "Slate.Http.Persistence", "Slate.Http.Persistence\Slate.Http.Persistence.csproj", "{36A85537-E068-415D-AA67-614EED7FBFF2}"
EndProject
Project("{FAE04EC0-301F-11D3-BF4B-00C04F79EFBC}") = "Slate", "Slate\Slate.csproj", "{B5F202A2-4794-4265-8D6A-5C1C4E5A6ED7}"
EndProject
Project("{FAE04EC0-301F-11D3-BF4B-00C04F79EFBC}") = "Cloak.Examples", "..\.submodules\Cloak\Source\Cloak.Examples\Cloak.Examples.csproj", "{8C04074C-6AF8-440C-A530-C0BF88A50066}"
EndProject
Project("{2150E333-8FDC-42A3-9474-1A3956D46DE8}") = "Slate", "Slate", "{71F52901-F935-4F05-8F46-91B76FCDA068}"
EndProject
Project("{2150E333-8FDC-42A3-9474-1A3956D46DE8}") = "Core", "Core", "{7C4C6C73-6D38-4D20-B64F-51642747EE41}"
EndProject
Project("{2150E333-8FDC-42A3-9474-1A3956D46DE8}") = "Http", "Http", "{740D14E5-CCE4-41FD-B725-87B0ACBF1E4E}"
EndProject
Project("{FAE04EC0-301F-11D3-BF4B-00C04F79EFBC}") = "Cloak.Web.Mvc.Autofac", "..\.submodules\Cloak\Source\Cloak.Web.Mvc.Autofac\Cloak.Web.Mvc.Autofac.csproj", "{4CE0D89F-89AC-448F-A716-B90C8E4F3C50}"
EndProject
Project("{FAE04EC0-301F-11D3-BF4B-00C04F79EFBC}") = "Slate.Http.Server", "Slate.Http.Server\Slate.Http.Server.csproj", "{4391011E-55A5-409B-AAFE-33CF5D640034}"
EndProject
Project("{FAE04EC0-301F-11D3-BF4B-00C04F79EFBC}") = "Cloak.Http.WebHost.Autofac", "..\.submodules\Cloak\Source\Cloak.Http.WebHost.Autofac\Cloak.Http.WebHost.Autofac.csproj", "{A3251FA6-7B87-472E-9A0A-9FBEB6F6D55A}"
EndProject
Project("{FAE04EC0-301F-11D3-BF4B-00C04F79EFBC}") = "Cloak.NaturalText", "..\.submodules\Cloak\Source\Cloak.NaturalText\Cloak.NaturalText.csproj", "{3689DB83-F70B-4DF6-AB11-60DC438D3EC6}"
EndProject
Project("{FAE04EC0-301F-11D3-BF4B-00C04F79EFBC}") = "Slate.Http.Api", "Slate.Http.Api\Slate.Http.Api.csproj", "{0A49A4A4-D946-490B-8A7D-CFA5412B8335}"
EndProject
Project("{FAE04EC0-301F-11D3-BF4B-00C04F79EFBC}") = "Grasp.Hypermedia.Server", "Grasp.Hypermedia.Server\Grasp.Hypermedia.Server.csproj", "{5F9D48A2-8116-47BD-AB39-A1105E200E75}"
EndProject
Project("{FAE04EC0-301F-11D3-BF4B-00C04F79EFBC}") = "Grasp.Hypermedia.Raven", "Grasp.Hypermedia.Raven\Grasp.Hypermedia.Raven.csproj", "{52D6644F-7F28-4095-88D4-4722A8DA546B}"
EndProject
Project("{FAE04EC0-301F-11D3-BF4B-00C04F79EFBC}") = "Slate.Services", "Slate.Services\Slate.Services.csproj", "{C4827516-E172-4890-9B95-B26D59B46553}"
EndProject
Project("{FAE04EC0-301F-11D3-BF4B-00C04F79EFBC}") = "Slate.Http", "Slate.Http\Slate.Http.csproj", "{0887A198-2019-4E17-8E5B-6DE73224DCC6}"
EndProject
Project("{FAE04EC0-301F-11D3-BF4B-00C04F79EFBC}") = "Cloak.Web.Http.Autofac", "..\.submodules\Cloak\Source\Cloak.Web.Http.Autofac\Cloak.Web.Http.Autofac.csproj", "{24377703-7195-4DAB-B323-1A8D263D7B12}"
EndProject
Project("{2150E333-8FDC-42A3-9474-1A3956D46DE8}") = "Dash", "Dash", "{3E088B4C-54CA-4546-B70B-F0CA63D99AA1}"
EndProject
Project("{FAE04EC0-301F-11D3-BF4B-00C04F79EFBC}") = "Dash.Windows.UI", "Dash.Windows.UI\Dash.Windows.UI.csproj", "{EB60C5B6-A805-4AF9-B2EA-7873BCF105A4}"
EndProject
Project("{FAE04EC0-301F-11D3-BF4B-00C04F79EFBC}") = "Cloak.Wpf", "..\.submodules\Cloak\Source\Cloak.Wpf\Cloak.Wpf.csproj", "{5595EB9F-5910-4F93-A2FB-1B3E14B10B58}"
EndProject
Project("{FAE04EC0-301F-11D3-BF4B-00C04F79EFBC}") = "Dash.Http.Server", "Dash.Http.Server\Dash.Http.Server.csproj", "{535DE6E7-86C4-4913-9A76-0F0A557F1351}"
EndProject
Project("{FAE04EC0-301F-11D3-BF4B-00C04F79EFBC}") = "Dash", "Dash\Dash.csproj", "{DF039747-0402-41D4-8840-B415891E1E9B}"
EndProject
Project("{FAE04EC0-301F-11D3-BF4B-00C04F79EFBC}") = "Dash.Infrastructure", "Dash.Infrastructure\Dash.Infrastructure.csproj", "{A797C64A-637B-490B-8EC4-288275287931}"
EndProject
Project("{FAE04EC0-301F-11D3-BF4B-00C04F79EFBC}") = "Dash.Http", "Dash.Http\Dash.Http.csproj", "{82CC5F36-1A39-4F88-9A46-C047755856FB}"
EndProject
Project("{FAE04EC0-301F-11D3-BF4B-00C04F79EFBC}") = "Grasp.Git", "Grasp.Git\Grasp.Git.csproj", "{F6AC3EBF-0EBA-4D7F-9BB0-852B4D825C86}"
EndProject
Project("{FAE04EC0-301F-11D3-BF4B-00C04F79EFBC}") = "Grasp.Git.Examples", "Grasp.Git.Examples\Grasp.Git.Examples.csproj", "{F76A1D42-AC0B-480F-A272-6590AE844962}"
EndProject
Project("{FAE04EC0-301F-11D3-BF4B-00C04F79EFBC}") = "Grasp.Json", "Grasp.Json\Grasp.Json.csproj", "{77CC32A5-EEBD-411F-8A24-139D84AC2F92}"
EndProject
Global
	GlobalSection(SolutionConfigurationPlatforms) = preSolution
		Debug|Any CPU = Debug|Any CPU
		Debug|Mixed Platforms = Debug|Mixed Platforms
		Debug|x86 = Debug|x86
		Release|Any CPU = Release|Any CPU
		Release|Mixed Platforms = Release|Mixed Platforms
		Release|x86 = Release|x86
	EndGlobalSection
	GlobalSection(ProjectConfigurationPlatforms) = postSolution
		{0A728107-2D52-4E6B-B651-793048876837}.Debug|Any CPU.ActiveCfg = Debug|Any CPU
		{0A728107-2D52-4E6B-B651-793048876837}.Debug|Any CPU.Build.0 = Debug|Any CPU
		{0A728107-2D52-4E6B-B651-793048876837}.Debug|Mixed Platforms.ActiveCfg = Debug|Any CPU
		{0A728107-2D52-4E6B-B651-793048876837}.Debug|Mixed Platforms.Build.0 = Debug|Any CPU
		{0A728107-2D52-4E6B-B651-793048876837}.Debug|x86.ActiveCfg = Debug|Any CPU
		{0A728107-2D52-4E6B-B651-793048876837}.Release|Any CPU.ActiveCfg = Release|Any CPU
		{0A728107-2D52-4E6B-B651-793048876837}.Release|Any CPU.Build.0 = Release|Any CPU
		{0A728107-2D52-4E6B-B651-793048876837}.Release|Mixed Platforms.ActiveCfg = Release|Any CPU
		{0A728107-2D52-4E6B-B651-793048876837}.Release|Mixed Platforms.Build.0 = Release|Any CPU
		{0A728107-2D52-4E6B-B651-793048876837}.Release|x86.ActiveCfg = Release|Any CPU
		{177B3825-0297-44E1-AFA9-FFC86DF13194}.Debug|Any CPU.ActiveCfg = Debug|Any CPU
		{177B3825-0297-44E1-AFA9-FFC86DF13194}.Debug|Any CPU.Build.0 = Debug|Any CPU
		{177B3825-0297-44E1-AFA9-FFC86DF13194}.Debug|Mixed Platforms.ActiveCfg = Debug|Any CPU
		{177B3825-0297-44E1-AFA9-FFC86DF13194}.Debug|Mixed Platforms.Build.0 = Debug|Any CPU
		{177B3825-0297-44E1-AFA9-FFC86DF13194}.Debug|x86.ActiveCfg = Debug|Any CPU
		{177B3825-0297-44E1-AFA9-FFC86DF13194}.Release|Any CPU.ActiveCfg = Release|Any CPU
		{177B3825-0297-44E1-AFA9-FFC86DF13194}.Release|Any CPU.Build.0 = Release|Any CPU
		{177B3825-0297-44E1-AFA9-FFC86DF13194}.Release|Mixed Platforms.ActiveCfg = Release|Any CPU
		{177B3825-0297-44E1-AFA9-FFC86DF13194}.Release|Mixed Platforms.Build.0 = Release|Any CPU
		{177B3825-0297-44E1-AFA9-FFC86DF13194}.Release|x86.ActiveCfg = Release|Any CPU
		{75771C68-B495-400C-B11F-B1221E2AF231}.Debug|Any CPU.ActiveCfg = Debug|Any CPU
		{75771C68-B495-400C-B11F-B1221E2AF231}.Debug|Any CPU.Build.0 = Debug|Any CPU
		{75771C68-B495-400C-B11F-B1221E2AF231}.Debug|Mixed Platforms.ActiveCfg = Debug|Any CPU
		{75771C68-B495-400C-B11F-B1221E2AF231}.Debug|Mixed Platforms.Build.0 = Debug|Any CPU
		{75771C68-B495-400C-B11F-B1221E2AF231}.Debug|x86.ActiveCfg = Debug|Any CPU
		{75771C68-B495-400C-B11F-B1221E2AF231}.Release|Any CPU.ActiveCfg = Release|Any CPU
		{75771C68-B495-400C-B11F-B1221E2AF231}.Release|Any CPU.Build.0 = Release|Any CPU
		{75771C68-B495-400C-B11F-B1221E2AF231}.Release|Mixed Platforms.ActiveCfg = Release|Any CPU
		{75771C68-B495-400C-B11F-B1221E2AF231}.Release|Mixed Platforms.Build.0 = Release|Any CPU
		{75771C68-B495-400C-B11F-B1221E2AF231}.Release|x86.ActiveCfg = Release|Any CPU
		{17783381-3FB0-42E0-9397-6CDDE1C46279}.Debug|Any CPU.ActiveCfg = Debug|Any CPU
		{17783381-3FB0-42E0-9397-6CDDE1C46279}.Debug|Any CPU.Build.0 = Debug|Any CPU
		{17783381-3FB0-42E0-9397-6CDDE1C46279}.Debug|Mixed Platforms.ActiveCfg = Debug|Any CPU
		{17783381-3FB0-42E0-9397-6CDDE1C46279}.Debug|Mixed Platforms.Build.0 = Debug|Any CPU
		{17783381-3FB0-42E0-9397-6CDDE1C46279}.Debug|x86.ActiveCfg = Debug|Any CPU
		{17783381-3FB0-42E0-9397-6CDDE1C46279}.Release|Any CPU.ActiveCfg = Release|Any CPU
		{17783381-3FB0-42E0-9397-6CDDE1C46279}.Release|Any CPU.Build.0 = Release|Any CPU
		{17783381-3FB0-42E0-9397-6CDDE1C46279}.Release|Mixed Platforms.ActiveCfg = Release|Any CPU
		{17783381-3FB0-42E0-9397-6CDDE1C46279}.Release|Mixed Platforms.Build.0 = Release|Any CPU
		{17783381-3FB0-42E0-9397-6CDDE1C46279}.Release|x86.ActiveCfg = Release|Any CPU
		{A931092C-2916-4D20-A26D-D131D98E3069}.Debug|Any CPU.ActiveCfg = Debug|Any CPU
		{A931092C-2916-4D20-A26D-D131D98E3069}.Debug|Any CPU.Build.0 = Debug|Any CPU
		{A931092C-2916-4D20-A26D-D131D98E3069}.Debug|Mixed Platforms.ActiveCfg = Debug|Any CPU
		{A931092C-2916-4D20-A26D-D131D98E3069}.Debug|Mixed Platforms.Build.0 = Debug|Any CPU
		{A931092C-2916-4D20-A26D-D131D98E3069}.Debug|x86.ActiveCfg = Debug|Any CPU
		{A931092C-2916-4D20-A26D-D131D98E3069}.Release|Any CPU.ActiveCfg = Release|Any CPU
		{A931092C-2916-4D20-A26D-D131D98E3069}.Release|Any CPU.Build.0 = Release|Any CPU
		{A931092C-2916-4D20-A26D-D131D98E3069}.Release|Mixed Platforms.ActiveCfg = Release|Any CPU
		{A931092C-2916-4D20-A26D-D131D98E3069}.Release|Mixed Platforms.Build.0 = Release|Any CPU
		{A931092C-2916-4D20-A26D-D131D98E3069}.Release|x86.ActiveCfg = Release|Any CPU
		{43F24F70-06F1-4834-B241-A8CEEC01D87D}.Debug|Any CPU.ActiveCfg = Debug|Any CPU
		{43F24F70-06F1-4834-B241-A8CEEC01D87D}.Debug|Any CPU.Build.0 = Debug|Any CPU
		{43F24F70-06F1-4834-B241-A8CEEC01D87D}.Debug|Mixed Platforms.ActiveCfg = Debug|Any CPU
		{43F24F70-06F1-4834-B241-A8CEEC01D87D}.Debug|Mixed Platforms.Build.0 = Debug|Any CPU
		{43F24F70-06F1-4834-B241-A8CEEC01D87D}.Debug|x86.ActiveCfg = Debug|Any CPU
		{43F24F70-06F1-4834-B241-A8CEEC01D87D}.Release|Any CPU.ActiveCfg = Release|Any CPU
		{43F24F70-06F1-4834-B241-A8CEEC01D87D}.Release|Any CPU.Build.0 = Release|Any CPU
		{43F24F70-06F1-4834-B241-A8CEEC01D87D}.Release|Mixed Platforms.ActiveCfg = Release|Any CPU
		{43F24F70-06F1-4834-B241-A8CEEC01D87D}.Release|Mixed Platforms.Build.0 = Release|Any CPU
		{43F24F70-06F1-4834-B241-A8CEEC01D87D}.Release|x86.ActiveCfg = Release|Any CPU
		{96B357D1-842F-48E6-9139-BB47495BD97F}.Debug|Any CPU.ActiveCfg = Debug|Any CPU
		{96B357D1-842F-48E6-9139-BB47495BD97F}.Debug|Any CPU.Build.0 = Debug|Any CPU
		{96B357D1-842F-48E6-9139-BB47495BD97F}.Debug|Mixed Platforms.ActiveCfg = Debug|Any CPU
		{96B357D1-842F-48E6-9139-BB47495BD97F}.Debug|Mixed Platforms.Build.0 = Debug|Any CPU
		{96B357D1-842F-48E6-9139-BB47495BD97F}.Debug|x86.ActiveCfg = Debug|Any CPU
		{96B357D1-842F-48E6-9139-BB47495BD97F}.Release|Any CPU.ActiveCfg = Release|Any CPU
		{96B357D1-842F-48E6-9139-BB47495BD97F}.Release|Any CPU.Build.0 = Release|Any CPU
		{96B357D1-842F-48E6-9139-BB47495BD97F}.Release|Mixed Platforms.ActiveCfg = Release|Any CPU
		{96B357D1-842F-48E6-9139-BB47495BD97F}.Release|Mixed Platforms.Build.0 = Release|Any CPU
		{96B357D1-842F-48E6-9139-BB47495BD97F}.Release|x86.ActiveCfg = Release|Any CPU
		{D683C34B-0619-4B90-BF4C-4FB702CABCEE}.Debug|Any CPU.ActiveCfg = Debug|Any CPU
		{D683C34B-0619-4B90-BF4C-4FB702CABCEE}.Debug|Any CPU.Build.0 = Debug|Any CPU
		{D683C34B-0619-4B90-BF4C-4FB702CABCEE}.Debug|Mixed Platforms.ActiveCfg = Debug|Any CPU
		{D683C34B-0619-4B90-BF4C-4FB702CABCEE}.Debug|Mixed Platforms.Build.0 = Debug|Any CPU
		{D683C34B-0619-4B90-BF4C-4FB702CABCEE}.Debug|x86.ActiveCfg = Debug|Any CPU
		{D683C34B-0619-4B90-BF4C-4FB702CABCEE}.Release|Any CPU.ActiveCfg = Release|Any CPU
		{D683C34B-0619-4B90-BF4C-4FB702CABCEE}.Release|Any CPU.Build.0 = Release|Any CPU
		{D683C34B-0619-4B90-BF4C-4FB702CABCEE}.Release|Mixed Platforms.ActiveCfg = Release|Any CPU
		{D683C34B-0619-4B90-BF4C-4FB702CABCEE}.Release|Mixed Platforms.Build.0 = Release|Any CPU
		{D683C34B-0619-4B90-BF4C-4FB702CABCEE}.Release|x86.ActiveCfg = Release|Any CPU
		{9D31050E-76C9-4EFF-98F8-3826BC054785}.Debug|Any CPU.ActiveCfg = Debug|Any CPU
		{9D31050E-76C9-4EFF-98F8-3826BC054785}.Debug|Any CPU.Build.0 = Debug|Any CPU
		{9D31050E-76C9-4EFF-98F8-3826BC054785}.Debug|Mixed Platforms.ActiveCfg = Debug|Any CPU
		{9D31050E-76C9-4EFF-98F8-3826BC054785}.Debug|Mixed Platforms.Build.0 = Debug|Any CPU
		{9D31050E-76C9-4EFF-98F8-3826BC054785}.Debug|x86.ActiveCfg = Debug|Any CPU
		{9D31050E-76C9-4EFF-98F8-3826BC054785}.Release|Any CPU.ActiveCfg = Release|Any CPU
		{9D31050E-76C9-4EFF-98F8-3826BC054785}.Release|Any CPU.Build.0 = Release|Any CPU
		{9D31050E-76C9-4EFF-98F8-3826BC054785}.Release|Mixed Platforms.ActiveCfg = Release|Any CPU
		{9D31050E-76C9-4EFF-98F8-3826BC054785}.Release|Mixed Platforms.Build.0 = Release|Any CPU
		{9D31050E-76C9-4EFF-98F8-3826BC054785}.Release|x86.ActiveCfg = Release|Any CPU
		{36A85537-E068-415D-AA67-614EED7FBFF2}.Debug|Any CPU.ActiveCfg = Debug|Any CPU
		{36A85537-E068-415D-AA67-614EED7FBFF2}.Debug|Any CPU.Build.0 = Debug|Any CPU
		{36A85537-E068-415D-AA67-614EED7FBFF2}.Debug|Mixed Platforms.ActiveCfg = Debug|Any CPU
		{36A85537-E068-415D-AA67-614EED7FBFF2}.Debug|Mixed Platforms.Build.0 = Debug|Any CPU
		{36A85537-E068-415D-AA67-614EED7FBFF2}.Debug|x86.ActiveCfg = Debug|Any CPU
		{36A85537-E068-415D-AA67-614EED7FBFF2}.Release|Any CPU.ActiveCfg = Release|Any CPU
		{36A85537-E068-415D-AA67-614EED7FBFF2}.Release|Any CPU.Build.0 = Release|Any CPU
		{36A85537-E068-415D-AA67-614EED7FBFF2}.Release|Mixed Platforms.ActiveCfg = Release|Any CPU
		{36A85537-E068-415D-AA67-614EED7FBFF2}.Release|Mixed Platforms.Build.0 = Release|Any CPU
		{36A85537-E068-415D-AA67-614EED7FBFF2}.Release|x86.ActiveCfg = Release|Any CPU
		{B5F202A2-4794-4265-8D6A-5C1C4E5A6ED7}.Debug|Any CPU.ActiveCfg = Debug|Any CPU
		{B5F202A2-4794-4265-8D6A-5C1C4E5A6ED7}.Debug|Any CPU.Build.0 = Debug|Any CPU
		{B5F202A2-4794-4265-8D6A-5C1C4E5A6ED7}.Debug|Mixed Platforms.ActiveCfg = Debug|Any CPU
		{B5F202A2-4794-4265-8D6A-5C1C4E5A6ED7}.Debug|Mixed Platforms.Build.0 = Debug|Any CPU
		{B5F202A2-4794-4265-8D6A-5C1C4E5A6ED7}.Debug|x86.ActiveCfg = Debug|Any CPU
		{B5F202A2-4794-4265-8D6A-5C1C4E5A6ED7}.Release|Any CPU.ActiveCfg = Release|Any CPU
		{B5F202A2-4794-4265-8D6A-5C1C4E5A6ED7}.Release|Any CPU.Build.0 = Release|Any CPU
		{B5F202A2-4794-4265-8D6A-5C1C4E5A6ED7}.Release|Mixed Platforms.ActiveCfg = Release|Any CPU
		{B5F202A2-4794-4265-8D6A-5C1C4E5A6ED7}.Release|Mixed Platforms.Build.0 = Release|Any CPU
		{B5F202A2-4794-4265-8D6A-5C1C4E5A6ED7}.Release|x86.ActiveCfg = Release|Any CPU
		{8C04074C-6AF8-440C-A530-C0BF88A50066}.Debug|Any CPU.ActiveCfg = Debug|Any CPU
		{8C04074C-6AF8-440C-A530-C0BF88A50066}.Debug|Any CPU.Build.0 = Debug|Any CPU
		{8C04074C-6AF8-440C-A530-C0BF88A50066}.Debug|Mixed Platforms.ActiveCfg = Debug|Any CPU
		{8C04074C-6AF8-440C-A530-C0BF88A50066}.Debug|Mixed Platforms.Build.0 = Debug|Any CPU
		{8C04074C-6AF8-440C-A530-C0BF88A50066}.Debug|x86.ActiveCfg = Debug|Any CPU
		{8C04074C-6AF8-440C-A530-C0BF88A50066}.Release|Any CPU.ActiveCfg = Release|Any CPU
		{8C04074C-6AF8-440C-A530-C0BF88A50066}.Release|Any CPU.Build.0 = Release|Any CPU
		{8C04074C-6AF8-440C-A530-C0BF88A50066}.Release|Mixed Platforms.ActiveCfg = Release|Any CPU
		{8C04074C-6AF8-440C-A530-C0BF88A50066}.Release|Mixed Platforms.Build.0 = Release|Any CPU
		{8C04074C-6AF8-440C-A530-C0BF88A50066}.Release|x86.ActiveCfg = Release|Any CPU
		{4CE0D89F-89AC-448F-A716-B90C8E4F3C50}.Debug|Any CPU.ActiveCfg = Debug|Any CPU
		{4CE0D89F-89AC-448F-A716-B90C8E4F3C50}.Debug|Any CPU.Build.0 = Debug|Any CPU
		{4CE0D89F-89AC-448F-A716-B90C8E4F3C50}.Debug|Mixed Platforms.ActiveCfg = Debug|Any CPU
		{4CE0D89F-89AC-448F-A716-B90C8E4F3C50}.Debug|Mixed Platforms.Build.0 = Debug|Any CPU
		{4CE0D89F-89AC-448F-A716-B90C8E4F3C50}.Debug|x86.ActiveCfg = Debug|Any CPU
		{4CE0D89F-89AC-448F-A716-B90C8E4F3C50}.Release|Any CPU.ActiveCfg = Release|Any CPU
		{4CE0D89F-89AC-448F-A716-B90C8E4F3C50}.Release|Any CPU.Build.0 = Release|Any CPU
		{4CE0D89F-89AC-448F-A716-B90C8E4F3C50}.Release|Mixed Platforms.ActiveCfg = Release|Any CPU
		{4CE0D89F-89AC-448F-A716-B90C8E4F3C50}.Release|Mixed Platforms.Build.0 = Release|Any CPU
		{4CE0D89F-89AC-448F-A716-B90C8E4F3C50}.Release|x86.ActiveCfg = Release|Any CPU
		{4391011E-55A5-409B-AAFE-33CF5D640034}.Debug|Any CPU.ActiveCfg = Debug|Any CPU
		{4391011E-55A5-409B-AAFE-33CF5D640034}.Debug|Any CPU.Build.0 = Debug|Any CPU
		{4391011E-55A5-409B-AAFE-33CF5D640034}.Debug|Mixed Platforms.ActiveCfg = Debug|Any CPU
		{4391011E-55A5-409B-AAFE-33CF5D640034}.Debug|Mixed Platforms.Build.0 = Debug|Any CPU
		{4391011E-55A5-409B-AAFE-33CF5D640034}.Debug|x86.ActiveCfg = Debug|Any CPU
		{4391011E-55A5-409B-AAFE-33CF5D640034}.Release|Any CPU.ActiveCfg = Release|Any CPU
		{4391011E-55A5-409B-AAFE-33CF5D640034}.Release|Any CPU.Build.0 = Release|Any CPU
		{4391011E-55A5-409B-AAFE-33CF5D640034}.Release|Mixed Platforms.ActiveCfg = Release|Any CPU
		{4391011E-55A5-409B-AAFE-33CF5D640034}.Release|Mixed Platforms.Build.0 = Release|Any CPU
		{4391011E-55A5-409B-AAFE-33CF5D640034}.Release|x86.ActiveCfg = Release|Any CPU
		{A3251FA6-7B87-472E-9A0A-9FBEB6F6D55A}.Debug|Any CPU.ActiveCfg = Debug|Any CPU
		{A3251FA6-7B87-472E-9A0A-9FBEB6F6D55A}.Debug|Any CPU.Build.0 = Debug|Any CPU
		{A3251FA6-7B87-472E-9A0A-9FBEB6F6D55A}.Debug|Mixed Platforms.ActiveCfg = Debug|Any CPU
		{A3251FA6-7B87-472E-9A0A-9FBEB6F6D55A}.Debug|Mixed Platforms.Build.0 = Debug|Any CPU
		{A3251FA6-7B87-472E-9A0A-9FBEB6F6D55A}.Debug|x86.ActiveCfg = Debug|Any CPU
		{A3251FA6-7B87-472E-9A0A-9FBEB6F6D55A}.Release|Any CPU.ActiveCfg = Release|Any CPU
		{A3251FA6-7B87-472E-9A0A-9FBEB6F6D55A}.Release|Any CPU.Build.0 = Release|Any CPU
		{A3251FA6-7B87-472E-9A0A-9FBEB6F6D55A}.Release|Mixed Platforms.ActiveCfg = Release|Any CPU
		{A3251FA6-7B87-472E-9A0A-9FBEB6F6D55A}.Release|Mixed Platforms.Build.0 = Release|Any CPU
		{A3251FA6-7B87-472E-9A0A-9FBEB6F6D55A}.Release|x86.ActiveCfg = Release|Any CPU
		{3689DB83-F70B-4DF6-AB11-60DC438D3EC6}.Debug|Any CPU.ActiveCfg = Debug|Any CPU
		{3689DB83-F70B-4DF6-AB11-60DC438D3EC6}.Debug|Any CPU.Build.0 = Debug|Any CPU
		{3689DB83-F70B-4DF6-AB11-60DC438D3EC6}.Debug|Mixed Platforms.ActiveCfg = Debug|Any CPU
		{3689DB83-F70B-4DF6-AB11-60DC438D3EC6}.Debug|Mixed Platforms.Build.0 = Debug|Any CPU
		{3689DB83-F70B-4DF6-AB11-60DC438D3EC6}.Debug|x86.ActiveCfg = Debug|Any CPU
		{3689DB83-F70B-4DF6-AB11-60DC438D3EC6}.Release|Any CPU.ActiveCfg = Release|Any CPU
		{3689DB83-F70B-4DF6-AB11-60DC438D3EC6}.Release|Any CPU.Build.0 = Release|Any CPU
		{3689DB83-F70B-4DF6-AB11-60DC438D3EC6}.Release|Mixed Platforms.ActiveCfg = Release|Any CPU
		{3689DB83-F70B-4DF6-AB11-60DC438D3EC6}.Release|Mixed Platforms.Build.0 = Release|Any CPU
		{3689DB83-F70B-4DF6-AB11-60DC438D3EC6}.Release|x86.ActiveCfg = Release|Any CPU
		{0A49A4A4-D946-490B-8A7D-CFA5412B8335}.Debug|Any CPU.ActiveCfg = Debug|Any CPU
		{0A49A4A4-D946-490B-8A7D-CFA5412B8335}.Debug|Any CPU.Build.0 = Debug|Any CPU
		{0A49A4A4-D946-490B-8A7D-CFA5412B8335}.Debug|Mixed Platforms.ActiveCfg = Debug|Any CPU
		{0A49A4A4-D946-490B-8A7D-CFA5412B8335}.Debug|Mixed Platforms.Build.0 = Debug|Any CPU
		{0A49A4A4-D946-490B-8A7D-CFA5412B8335}.Debug|x86.ActiveCfg = Debug|Any CPU
		{0A49A4A4-D946-490B-8A7D-CFA5412B8335}.Release|Any CPU.ActiveCfg = Release|Any CPU
		{0A49A4A4-D946-490B-8A7D-CFA5412B8335}.Release|Any CPU.Build.0 = Release|Any CPU
		{0A49A4A4-D946-490B-8A7D-CFA5412B8335}.Release|Mixed Platforms.ActiveCfg = Release|Any CPU
		{0A49A4A4-D946-490B-8A7D-CFA5412B8335}.Release|Mixed Platforms.Build.0 = Release|Any CPU
		{0A49A4A4-D946-490B-8A7D-CFA5412B8335}.Release|x86.ActiveCfg = Release|Any CPU
		{5F9D48A2-8116-47BD-AB39-A1105E200E75}.Debug|Any CPU.ActiveCfg = Debug|Any CPU
		{5F9D48A2-8116-47BD-AB39-A1105E200E75}.Debug|Any CPU.Build.0 = Debug|Any CPU
		{5F9D48A2-8116-47BD-AB39-A1105E200E75}.Debug|Mixed Platforms.ActiveCfg = Debug|Any CPU
		{5F9D48A2-8116-47BD-AB39-A1105E200E75}.Debug|Mixed Platforms.Build.0 = Debug|Any CPU
		{5F9D48A2-8116-47BD-AB39-A1105E200E75}.Debug|x86.ActiveCfg = Debug|Any CPU
		{5F9D48A2-8116-47BD-AB39-A1105E200E75}.Release|Any CPU.ActiveCfg = Release|Any CPU
		{5F9D48A2-8116-47BD-AB39-A1105E200E75}.Release|Any CPU.Build.0 = Release|Any CPU
		{5F9D48A2-8116-47BD-AB39-A1105E200E75}.Release|Mixed Platforms.ActiveCfg = Release|Any CPU
		{5F9D48A2-8116-47BD-AB39-A1105E200E75}.Release|Mixed Platforms.Build.0 = Release|Any CPU
		{5F9D48A2-8116-47BD-AB39-A1105E200E75}.Release|x86.ActiveCfg = Release|Any CPU
		{52D6644F-7F28-4095-88D4-4722A8DA546B}.Debug|Any CPU.ActiveCfg = Debug|Any CPU
		{52D6644F-7F28-4095-88D4-4722A8DA546B}.Debug|Any CPU.Build.0 = Debug|Any CPU
		{52D6644F-7F28-4095-88D4-4722A8DA546B}.Debug|Mixed Platforms.ActiveCfg = Debug|Any CPU
		{52D6644F-7F28-4095-88D4-4722A8DA546B}.Debug|Mixed Platforms.Build.0 = Debug|Any CPU
		{52D6644F-7F28-4095-88D4-4722A8DA546B}.Debug|x86.ActiveCfg = Debug|Any CPU
		{52D6644F-7F28-4095-88D4-4722A8DA546B}.Release|Any CPU.ActiveCfg = Release|Any CPU
		{52D6644F-7F28-4095-88D4-4722A8DA546B}.Release|Any CPU.Build.0 = Release|Any CPU
		{52D6644F-7F28-4095-88D4-4722A8DA546B}.Release|Mixed Platforms.ActiveCfg = Release|Any CPU
		{52D6644F-7F28-4095-88D4-4722A8DA546B}.Release|Mixed Platforms.Build.0 = Release|Any CPU
		{52D6644F-7F28-4095-88D4-4722A8DA546B}.Release|x86.ActiveCfg = Release|Any CPU
		{C4827516-E172-4890-9B95-B26D59B46553}.Debug|Any CPU.ActiveCfg = Debug|Any CPU
		{C4827516-E172-4890-9B95-B26D59B46553}.Debug|Any CPU.Build.0 = Debug|Any CPU
		{C4827516-E172-4890-9B95-B26D59B46553}.Debug|Mixed Platforms.ActiveCfg = Debug|Any CPU
		{C4827516-E172-4890-9B95-B26D59B46553}.Debug|Mixed Platforms.Build.0 = Debug|Any CPU
		{C4827516-E172-4890-9B95-B26D59B46553}.Debug|x86.ActiveCfg = Debug|Any CPU
		{C4827516-E172-4890-9B95-B26D59B46553}.Release|Any CPU.ActiveCfg = Release|Any CPU
		{C4827516-E172-4890-9B95-B26D59B46553}.Release|Any CPU.Build.0 = Release|Any CPU
		{C4827516-E172-4890-9B95-B26D59B46553}.Release|Mixed Platforms.ActiveCfg = Release|Any CPU
		{C4827516-E172-4890-9B95-B26D59B46553}.Release|Mixed Platforms.Build.0 = Release|Any CPU
		{C4827516-E172-4890-9B95-B26D59B46553}.Release|x86.ActiveCfg = Release|Any CPU
		{0887A198-2019-4E17-8E5B-6DE73224DCC6}.Debug|Any CPU.ActiveCfg = Debug|Any CPU
		{0887A198-2019-4E17-8E5B-6DE73224DCC6}.Debug|Any CPU.Build.0 = Debug|Any CPU
		{0887A198-2019-4E17-8E5B-6DE73224DCC6}.Debug|Mixed Platforms.ActiveCfg = Debug|Any CPU
		{0887A198-2019-4E17-8E5B-6DE73224DCC6}.Debug|Mixed Platforms.Build.0 = Debug|Any CPU
		{0887A198-2019-4E17-8E5B-6DE73224DCC6}.Debug|x86.ActiveCfg = Debug|Any CPU
		{0887A198-2019-4E17-8E5B-6DE73224DCC6}.Release|Any CPU.ActiveCfg = Release|Any CPU
		{0887A198-2019-4E17-8E5B-6DE73224DCC6}.Release|Any CPU.Build.0 = Release|Any CPU
		{0887A198-2019-4E17-8E5B-6DE73224DCC6}.Release|Mixed Platforms.ActiveCfg = Release|Any CPU
		{0887A198-2019-4E17-8E5B-6DE73224DCC6}.Release|Mixed Platforms.Build.0 = Release|Any CPU
		{0887A198-2019-4E17-8E5B-6DE73224DCC6}.Release|x86.ActiveCfg = Release|Any CPU
		{24377703-7195-4DAB-B323-1A8D263D7B12}.Debug|Any CPU.ActiveCfg = Debug|Any CPU
		{24377703-7195-4DAB-B323-1A8D263D7B12}.Debug|Any CPU.Build.0 = Debug|Any CPU
		{24377703-7195-4DAB-B323-1A8D263D7B12}.Debug|Mixed Platforms.ActiveCfg = Debug|Any CPU
		{24377703-7195-4DAB-B323-1A8D263D7B12}.Debug|Mixed Platforms.Build.0 = Debug|Any CPU
		{24377703-7195-4DAB-B323-1A8D263D7B12}.Debug|x86.ActiveCfg = Debug|Any CPU
		{24377703-7195-4DAB-B323-1A8D263D7B12}.Release|Any CPU.ActiveCfg = Release|Any CPU
		{24377703-7195-4DAB-B323-1A8D263D7B12}.Release|Any CPU.Build.0 = Release|Any CPU
		{24377703-7195-4DAB-B323-1A8D263D7B12}.Release|Mixed Platforms.ActiveCfg = Release|Any CPU
		{24377703-7195-4DAB-B323-1A8D263D7B12}.Release|Mixed Platforms.Build.0 = Release|Any CPU
		{24377703-7195-4DAB-B323-1A8D263D7B12}.Release|x86.ActiveCfg = Release|Any CPU
		{EB60C5B6-A805-4AF9-B2EA-7873BCF105A4}.Debug|Any CPU.ActiveCfg = Debug|Any CPU
		{EB60C5B6-A805-4AF9-B2EA-7873BCF105A4}.Debug|Any CPU.Build.0 = Debug|Any CPU
		{EB60C5B6-A805-4AF9-B2EA-7873BCF105A4}.Debug|Mixed Platforms.ActiveCfg = Debug|Any CPU
		{EB60C5B6-A805-4AF9-B2EA-7873BCF105A4}.Debug|Mixed Platforms.Build.0 = Debug|Any CPU
		{EB60C5B6-A805-4AF9-B2EA-7873BCF105A4}.Debug|x86.ActiveCfg = Debug|Any CPU
		{EB60C5B6-A805-4AF9-B2EA-7873BCF105A4}.Release|Any CPU.ActiveCfg = Release|Any CPU
		{EB60C5B6-A805-4AF9-B2EA-7873BCF105A4}.Release|Any CPU.Build.0 = Release|Any CPU
		{EB60C5B6-A805-4AF9-B2EA-7873BCF105A4}.Release|Mixed Platforms.ActiveCfg = Release|Any CPU
		{EB60C5B6-A805-4AF9-B2EA-7873BCF105A4}.Release|Mixed Platforms.Build.0 = Release|Any CPU
		{EB60C5B6-A805-4AF9-B2EA-7873BCF105A4}.Release|x86.ActiveCfg = Release|Any CPU
		{5595EB9F-5910-4F93-A2FB-1B3E14B10B58}.Debug|Any CPU.ActiveCfg = Debug|Any CPU
		{5595EB9F-5910-4F93-A2FB-1B3E14B10B58}.Debug|Any CPU.Build.0 = Debug|Any CPU
		{5595EB9F-5910-4F93-A2FB-1B3E14B10B58}.Debug|Mixed Platforms.ActiveCfg = Debug|Any CPU
		{5595EB9F-5910-4F93-A2FB-1B3E14B10B58}.Debug|Mixed Platforms.Build.0 = Debug|Any CPU
		{5595EB9F-5910-4F93-A2FB-1B3E14B10B58}.Debug|x86.ActiveCfg = Debug|Any CPU
		{5595EB9F-5910-4F93-A2FB-1B3E14B10B58}.Release|Any CPU.ActiveCfg = Release|Any CPU
		{5595EB9F-5910-4F93-A2FB-1B3E14B10B58}.Release|Any CPU.Build.0 = Release|Any CPU
		{5595EB9F-5910-4F93-A2FB-1B3E14B10B58}.Release|Mixed Platforms.ActiveCfg = Release|Any CPU
		{5595EB9F-5910-4F93-A2FB-1B3E14B10B58}.Release|Mixed Platforms.Build.0 = Release|Any CPU
		{5595EB9F-5910-4F93-A2FB-1B3E14B10B58}.Release|x86.ActiveCfg = Release|Any CPU
		{535DE6E7-86C4-4913-9A76-0F0A557F1351}.Debug|Any CPU.ActiveCfg = Debug|Any CPU
		{535DE6E7-86C4-4913-9A76-0F0A557F1351}.Debug|Any CPU.Build.0 = Debug|Any CPU
		{535DE6E7-86C4-4913-9A76-0F0A557F1351}.Debug|Mixed Platforms.ActiveCfg = Debug|Any CPU
		{535DE6E7-86C4-4913-9A76-0F0A557F1351}.Debug|Mixed Platforms.Build.0 = Debug|Any CPU
		{535DE6E7-86C4-4913-9A76-0F0A557F1351}.Debug|x86.ActiveCfg = Debug|Any CPU
		{535DE6E7-86C4-4913-9A76-0F0A557F1351}.Release|Any CPU.ActiveCfg = Release|Any CPU
		{535DE6E7-86C4-4913-9A76-0F0A557F1351}.Release|Any CPU.Build.0 = Release|Any CPU
		{535DE6E7-86C4-4913-9A76-0F0A557F1351}.Release|Mixed Platforms.ActiveCfg = Release|Any CPU
		{535DE6E7-86C4-4913-9A76-0F0A557F1351}.Release|Mixed Platforms.Build.0 = Release|Any CPU
		{535DE6E7-86C4-4913-9A76-0F0A557F1351}.Release|x86.ActiveCfg = Release|Any CPU
		{DF039747-0402-41D4-8840-B415891E1E9B}.Debug|Any CPU.ActiveCfg = Debug|Any CPU
		{DF039747-0402-41D4-8840-B415891E1E9B}.Debug|Any CPU.Build.0 = Debug|Any CPU
		{DF039747-0402-41D4-8840-B415891E1E9B}.Debug|Mixed Platforms.ActiveCfg = Debug|Any CPU
		{DF039747-0402-41D4-8840-B415891E1E9B}.Debug|Mixed Platforms.Build.0 = Debug|Any CPU
		{DF039747-0402-41D4-8840-B415891E1E9B}.Debug|x86.ActiveCfg = Debug|Any CPU
		{DF039747-0402-41D4-8840-B415891E1E9B}.Release|Any CPU.ActiveCfg = Release|Any CPU
		{DF039747-0402-41D4-8840-B415891E1E9B}.Release|Any CPU.Build.0 = Release|Any CPU
		{DF039747-0402-41D4-8840-B415891E1E9B}.Release|Mixed Platforms.ActiveCfg = Release|Any CPU
		{DF039747-0402-41D4-8840-B415891E1E9B}.Release|Mixed Platforms.Build.0 = Release|Any CPU
		{DF039747-0402-41D4-8840-B415891E1E9B}.Release|x86.ActiveCfg = Release|Any CPU
		{A797C64A-637B-490B-8EC4-288275287931}.Debug|Any CPU.ActiveCfg = Debug|Any CPU
		{A797C64A-637B-490B-8EC4-288275287931}.Debug|Any CPU.Build.0 = Debug|Any CPU
		{A797C64A-637B-490B-8EC4-288275287931}.Debug|Mixed Platforms.ActiveCfg = Debug|Any CPU
		{A797C64A-637B-490B-8EC4-288275287931}.Debug|Mixed Platforms.Build.0 = Debug|Any CPU
		{A797C64A-637B-490B-8EC4-288275287931}.Debug|x86.ActiveCfg = Debug|Any CPU
		{A797C64A-637B-490B-8EC4-288275287931}.Release|Any CPU.ActiveCfg = Release|Any CPU
		{A797C64A-637B-490B-8EC4-288275287931}.Release|Any CPU.Build.0 = Release|Any CPU
		{A797C64A-637B-490B-8EC4-288275287931}.Release|Mixed Platforms.ActiveCfg = Release|Any CPU
		{A797C64A-637B-490B-8EC4-288275287931}.Release|Mixed Platforms.Build.0 = Release|Any CPU
		{A797C64A-637B-490B-8EC4-288275287931}.Release|x86.ActiveCfg = Release|Any CPU
		{82CC5F36-1A39-4F88-9A46-C047755856FB}.Debug|Any CPU.ActiveCfg = Debug|Any CPU
		{82CC5F36-1A39-4F88-9A46-C047755856FB}.Debug|Any CPU.Build.0 = Debug|Any CPU
		{82CC5F36-1A39-4F88-9A46-C047755856FB}.Debug|Mixed Platforms.ActiveCfg = Debug|Any CPU
		{82CC5F36-1A39-4F88-9A46-C047755856FB}.Debug|Mixed Platforms.Build.0 = Debug|Any CPU
		{82CC5F36-1A39-4F88-9A46-C047755856FB}.Debug|x86.ActiveCfg = Debug|Any CPU
		{82CC5F36-1A39-4F88-9A46-C047755856FB}.Release|Any CPU.ActiveCfg = Release|Any CPU
		{82CC5F36-1A39-4F88-9A46-C047755856FB}.Release|Any CPU.Build.0 = Release|Any CPU
		{82CC5F36-1A39-4F88-9A46-C047755856FB}.Release|Mixed Platforms.ActiveCfg = Release|Any CPU
		{82CC5F36-1A39-4F88-9A46-C047755856FB}.Release|Mixed Platforms.Build.0 = Release|Any CPU
		{82CC5F36-1A39-4F88-9A46-C047755856FB}.Release|x86.ActiveCfg = Release|Any CPU
		{F6AC3EBF-0EBA-4D7F-9BB0-852B4D825C86}.Debug|Any CPU.ActiveCfg = Debug|Any CPU
		{F6AC3EBF-0EBA-4D7F-9BB0-852B4D825C86}.Debug|Any CPU.Build.0 = Debug|Any CPU
		{F6AC3EBF-0EBA-4D7F-9BB0-852B4D825C86}.Debug|Mixed Platforms.ActiveCfg = Debug|Any CPU
		{F6AC3EBF-0EBA-4D7F-9BB0-852B4D825C86}.Debug|Mixed Platforms.Build.0 = Debug|Any CPU
		{F6AC3EBF-0EBA-4D7F-9BB0-852B4D825C86}.Debug|x86.ActiveCfg = Debug|Any CPU
		{F6AC3EBF-0EBA-4D7F-9BB0-852B4D825C86}.Release|Any CPU.ActiveCfg = Release|Any CPU
		{F6AC3EBF-0EBA-4D7F-9BB0-852B4D825C86}.Release|Any CPU.Build.0 = Release|Any CPU
		{F6AC3EBF-0EBA-4D7F-9BB0-852B4D825C86}.Release|Mixed Platforms.ActiveCfg = Release|Any CPU
		{F6AC3EBF-0EBA-4D7F-9BB0-852B4D825C86}.Release|Mixed Platforms.Build.0 = Release|Any CPU
		{F6AC3EBF-0EBA-4D7F-9BB0-852B4D825C86}.Release|x86.ActiveCfg = Release|Any CPU
		{F76A1D42-AC0B-480F-A272-6590AE844962}.Debug|Any CPU.ActiveCfg = Debug|Any CPU
		{F76A1D42-AC0B-480F-A272-6590AE844962}.Debug|Any CPU.Build.0 = Debug|Any CPU
		{F76A1D42-AC0B-480F-A272-6590AE844962}.Debug|Mixed Platforms.ActiveCfg = Debug|Any CPU
		{F76A1D42-AC0B-480F-A272-6590AE844962}.Debug|Mixed Platforms.Build.0 = Debug|Any CPU
		{F76A1D42-AC0B-480F-A272-6590AE844962}.Debug|x86.ActiveCfg = Debug|Any CPU
		{F76A1D42-AC0B-480F-A272-6590AE844962}.Release|Any CPU.ActiveCfg = Release|Any CPU
		{F76A1D42-AC0B-480F-A272-6590AE844962}.Release|Any CPU.Build.0 = Release|Any CPU
		{F76A1D42-AC0B-480F-A272-6590AE844962}.Release|Mixed Platforms.ActiveCfg = Release|Any CPU
		{F76A1D42-AC0B-480F-A272-6590AE844962}.Release|Mixed Platforms.Build.0 = Release|Any CPU
		{F76A1D42-AC0B-480F-A272-6590AE844962}.Release|x86.ActiveCfg = Release|Any CPU
		{77CC32A5-EEBD-411F-8A24-139D84AC2F92}.Debug|Any CPU.ActiveCfg = Debug|Any CPU
		{77CC32A5-EEBD-411F-8A24-139D84AC2F92}.Debug|Any CPU.Build.0 = Debug|Any CPU
		{77CC32A5-EEBD-411F-8A24-139D84AC2F92}.Debug|Mixed Platforms.ActiveCfg = Debug|Any CPU
		{77CC32A5-EEBD-411F-8A24-139D84AC2F92}.Debug|Mixed Platforms.Build.0 = Debug|Any CPU
		{77CC32A5-EEBD-411F-8A24-139D84AC2F92}.Debug|x86.ActiveCfg = Debug|Any CPU
		{77CC32A5-EEBD-411F-8A24-139D84AC2F92}.Release|Any CPU.ActiveCfg = Release|Any CPU
		{77CC32A5-EEBD-411F-8A24-139D84AC2F92}.Release|Any CPU.Build.0 = Release|Any CPU
		{77CC32A5-EEBD-411F-8A24-139D84AC2F92}.Release|Mixed Platforms.ActiveCfg = Release|Any CPU
		{77CC32A5-EEBD-411F-8A24-139D84AC2F92}.Release|Mixed Platforms.Build.0 = Release|Any CPU
		{77CC32A5-EEBD-411F-8A24-139D84AC2F92}.Release|x86.ActiveCfg = Release|Any CPU
	EndGlobalSection
	GlobalSection(SolutionProperties) = preSolution
		HideSolutionNode = FALSE
	EndGlobalSection
	GlobalSection(NestedProjects) = preSolution
		{177B3825-0297-44E1-AFA9-FFC86DF13194} = {48C09AFF-60C1-47CA-B581-FEAE025ED3C0}
		{17783381-3FB0-42E0-9397-6CDDE1C46279} = {48C09AFF-60C1-47CA-B581-FEAE025ED3C0}
		{F76A1D42-AC0B-480F-A272-6590AE844962} = {48C09AFF-60C1-47CA-B581-FEAE025ED3C0}
		{43F24F70-06F1-4834-B241-A8CEEC01D87D} = {AF62545E-9311-4A1C-B2CB-A03C9973387D}
		{96B357D1-842F-48E6-9139-BB47495BD97F} = {AF62545E-9311-4A1C-B2CB-A03C9973387D}
		{A931092C-2916-4D20-A26D-D131D98E3069} = {AF62545E-9311-4A1C-B2CB-A03C9973387D}
		{E4A9A35F-76DD-49B0-A283-1165B988114B} = {AF62545E-9311-4A1C-B2CB-A03C9973387D}
		{4CE0D89F-89AC-448F-A716-B90C8E4F3C50} = {AF62545E-9311-4A1C-B2CB-A03C9973387D}
		{A3251FA6-7B87-472E-9A0A-9FBEB6F6D55A} = {AF62545E-9311-4A1C-B2CB-A03C9973387D}
		{3689DB83-F70B-4DF6-AB11-60DC438D3EC6} = {AF62545E-9311-4A1C-B2CB-A03C9973387D}
		{24377703-7195-4DAB-B323-1A8D263D7B12} = {AF62545E-9311-4A1C-B2CB-A03C9973387D}
		{5595EB9F-5910-4F93-A2FB-1B3E14B10B58} = {AF62545E-9311-4A1C-B2CB-A03C9973387D}
		{D683C34B-0619-4B90-BF4C-4FB702CABCEE} = {E4A9A35F-76DD-49B0-A283-1165B988114B}
		{8C04074C-6AF8-440C-A530-C0BF88A50066} = {E4A9A35F-76DD-49B0-A283-1165B988114B}
		{740D14E5-CCE4-41FD-B725-87B0ACBF1E4E} = {71F52901-F935-4F05-8F46-91B76FCDA068}
		{7C4C6C73-6D38-4D20-B64F-51642747EE41} = {71F52901-F935-4F05-8F46-91B76FCDA068}
		{9D31050E-76C9-4EFF-98F8-3826BC054785} = {71F52901-F935-4F05-8F46-91B76FCDA068}
		{36A85537-E068-415D-AA67-614EED7FBFF2} = {740D14E5-CCE4-41FD-B725-87B0ACBF1E4E}
		{4391011E-55A5-409B-AAFE-33CF5D640034} = {740D14E5-CCE4-41FD-B725-87B0ACBF1E4E}
		{0A49A4A4-D946-490B-8A7D-CFA5412B8335} = {740D14E5-CCE4-41FD-B725-87B0ACBF1E4E}
		{0887A198-2019-4E17-8E5B-6DE73224DCC6} = {740D14E5-CCE4-41FD-B725-87B0ACBF1E4E}
		{B5F202A2-4794-4265-8D6A-5C1C4E5A6ED7} = {7C4C6C73-6D38-4D20-B64F-51642747EE41}
		{C4827516-E172-4890-9B95-B26D59B46553} = {7C4C6C73-6D38-4D20-B64F-51642747EE41}
		{EB60C5B6-A805-4AF9-B2EA-7873BCF105A4} = {3E088B4C-54CA-4546-B70B-F0CA63D99AA1}
		{535DE6E7-86C4-4913-9A76-0F0A557F1351} = {3E088B4C-54CA-4546-B70B-F0CA63D99AA1}
		{DF039747-0402-41D4-8840-B415891E1E9B} = {3E088B4C-54CA-4546-B70B-F0CA63D99AA1}
		{A797C64A-637B-490B-8EC4-288275287931} = {3E088B4C-54CA-4546-B70B-F0CA63D99AA1}
		{82CC5F36-1A39-4F88-9A46-C047755856FB} = {3E088B4C-54CA-4546-B70B-F0CA63D99AA1}
	EndGlobalSection
EndGlobal
